<?xml version="1.0" encoding="utf-8"?>
<Project ToolsVersion="4.0" xmlns="http://schemas.microsoft.com/developer/msbuild/2003">
  <ItemGroup>
    <Filter Include="Source Files">
      <UniqueIdentifier>{aba85e44-49af-42bd-b48a-f3e906453e52}</UniqueIdentifier>
      <Extensions>cpp;c;cxx;def;odl;idl;hpj;bat;asm</Extensions>
    </Filter>
    <Filter Include="Header Files">
      <UniqueIdentifier>{cfe51040-cd27-4afa-ae99-e1583514e51f}</UniqueIdentifier>
      <Extensions>h;hpp;hxx;hm;inl;inc</Extensions>
    </Filter>
    <Filter Include="Resource Files">
      <UniqueIdentifier>{263d0417-c907-4513-ac2b-6af5a8420d17}</UniqueIdentifier>
      <Extensions>rc;ico;cur;bmp;dlg;rc2;rct;bin;rgs;jpg;jpeg;jpe;manifest</Extensions>
    </Filter>
    <Filter Include="wxFormBuilder Files">
      <UniqueIdentifier>{b3c0b25d-3b83-46fd-9aeb-e81451d04bdd}</UniqueIdentifier>
      <Extensions>fbp</Extensions>
    </Filter>
  </ItemGroup>
  <ItemGroup>
    <ClCompile Include="wxWidgetsApp.cpp">
      <Filter>Source Files</Filter>
    </ClCompile>
    <ClCompile Include="GUIClass.cpp">
      <Filter>wxFormBuilder Files</Filter>
    </ClCompile>
    <ClCompile Include="SubGUIClass.cpp">
      <Filter>Source Files</Filter>
    </ClCompile>
  </ItemGroup>
  <ItemGroup>
    <ClInclude Include="wxWidgetsApp.h">
      <Filter>Header Files</Filter>
    </ClInclude>
    <ClInclude Include="GUIClass.h">
      <Filter>wxFormBuilder Files</Filter>
    </ClInclude>
    <ClInclude Include="SubGUIClass.h">
      <Filter>Header Files</Filter>
    </ClInclude>
  </ItemGroup>
</Project>