
Microsoft Visual Studio Solution File, Format Version 12.00
# Visual Studio Version 17
VisualStudioVersion = 17.5.33530.505
MinimumVisualStudioVersion = 10.0.40219.1
Project("{9A19103F-16F7-4668-BE54-9A1E7A4F7556}") = "Project53", "Project53.csproj", "{2F05AE1E-6C16-4604-BCB1-486C1F287DC6}"
EndProject
Global
	GlobalSection(SolutionConfigurationPlatforms) = preSolution
		Debug|Any CPU = Debug|Any CPU
		Release|Any CPU = Release|Any CPU
	EndGlobalSection
	GlobalSection(ProjectConfigurationPlatforms) = postSolution
		{2F05AE1E-6C16-4604-BCB1-486C1F287DC6}.Debug|Any CPU.ActiveCfg = Debug|Any CPU
		{2F05AE1E-6C16-4604-BCB1-486C1F287DC6}.Debug|Any CPU.Build.0 = Debug|Any CPU
		{2F05AE1E-6C16-4604-BCB1-486C1F287DC6}.Release|Any CPU.ActiveCfg = Release|Any CPU
		{2F05AE1E-6C16-4604-BCB1-486C1F287DC6}.Release|Any CPU.Build.0 = Release|Any CPU
	EndGlobalSection
	GlobalSection(SolutionProperties) = preSolution
		HideSolutionNode = FALSE
	EndGlobalSection
	GlobalSection(ExtensibilityGlobals) = postSolution
		SolutionGuid = {F483707B-F672-48F9-B273-B1D2CBB92595}
	EndGlobalSection
EndGlobal
